// !$*UTF8*$!
{
	archiveVersion = 1;
	classes = {
	};
	objectVersion = 48;
	objects = {

/* Begin PBXBuildFile section */
		CB6171392052F6A5009C2ADB /* AppDelegate.swift in Sources */ = {isa = PBXBuildFile; fileRef = CB6171382052F6A5009C2ADB /* AppDelegate.swift */; };
		CB61713B2052F6A5009C2ADB /* ViewController.swift in Sources */ = {isa = PBXBuildFile; fileRef = CB61713A2052F6A5009C2ADB /* ViewController.swift */; };
		CB61713E2052F6A5009C2ADB /* Main.storyboard in Resources */ = {isa = PBXBuildFile; fileRef = CB61713C2052F6A5009C2ADB /* Main.storyboard */; };
		CB6171402052F6A5009C2ADB /* Assets.xcassets in Resources */ = {isa = PBXBuildFile; fileRef = CB61713F2052F6A5009C2ADB /* Assets.xcassets */; };
		CB6171432052F6A5009C2ADB /* LaunchScreen.storyboard in Resources */ = {isa = PBXBuildFile; fileRef = CB6171412052F6A5009C2ADB /* LaunchScreen.storyboard */; };
		CB61714E2052F6A6009C2ADB /* MemoTests.swift in Sources */ = {isa = PBXBuildFile; fileRef = CB61714D2052F6A6009C2ADB /* MemoTests.swift */; };
		CB6171592052F6A6009C2ADB /* MemoUITests.swift in Sources */ = {isa = PBXBuildFile; fileRef = CB6171582052F6A6009C2ADB /* MemoUITests.swift */; };
/* End PBXBuildFile section */

/* Begin PBXContainerItemProxy section */
		CB61714A2052F6A6009C2ADB /* PBXContainerItemProxy */ = {
			isa = PBXContainerItemProxy;
			containerPortal = CB61712D2052F6A5009C2ADB /* Project object */;
			proxyType = 1;
			remoteGlobalIDString = CB6171342052F6A5009C2ADB;
			remoteInfo = Memo;
		};
		CB6171552052F6A6009C2ADB /* PBXContainerItemProxy */ = {
			isa = PBXContainerItemProxy;
			containerPortal = CB61712D2052F6A5009C2ADB /* Project object */;
			proxyType = 1;
			remoteGlobalIDString = CB6171342052F6A5009C2ADB;
			remoteInfo = Memo;
		};
/* End PBXContainerItemProxy section */

/* Begin PBXFileReference section */
		CB6171352052F6A5009C2ADB /* Memo.app */ = {isa = PBXFileReference; explicitFileType = wrapper.application; includeInIndex = 0; path = Memo.app; sourceTree = BUILT_PRODUCTS_DIR; };
		CB6171382052F6A5009C2ADB /* AppDelegate.swift */ = {isa = PBXFileReference; lastKnownFileType = sourcecode.swift; path = AppDelegate.swift; sourceTree = "<group>"; };
		CB61713A2052F6A5009C2ADB /* ViewController.swift */ = {isa = PBXFileReference; lastKnownFileType = sourcecode.swift; path = ViewController.swift; sourceTree = "<group>"; };
		CB61713D2052F6A5009C2ADB /* Base */ = {isa = PBXFileReference; lastKnownFileType = file.storyboard; name = Base; path = Base.lproj/Main.storyboard; sourceTree = "<group>"; };
		CB61713F2052F6A5009C2ADB /* Assets.xcassets */ = {isa = PBXFileReference; lastKnownFileType = folder.assetcatalog; path = Assets.xcassets; sourceTree = "<group>"; };
		CB6171422052F6A5009C2ADB /* Base */ = {isa = PBXFileReference; lastKnownFileType = file.storyboard; name = Base; path = Base.lproj/LaunchScreen.storyboard; sourceTree = "<group>"; };
		CB6171442052F6A5009C2ADB /* Info.plist */ = {isa = PBXFileReference; lastKnownFileType = text.plist.xml; path = Info.plist; sourceTree = "<group>"; };
		CB6171492052F6A6009C2ADB /* MemoTests.xctest */ = {isa = PBXFileReference; explicitFileType = wrapper.cfbundle; includeInIndex = 0; path = MemoTests.xctest; sourceTree = BUILT_PRODUCTS_DIR; };
		CB61714D2052F6A6009C2ADB /* MemoTests.swift */ = {isa = PBXFileReference; lastKnownFileType = sourcecode.swift; path = MemoTests.swift; sourceTree = "<group>"; };
		CB61714F2052F6A6009C2ADB /* Info.plist */ = {isa = PBXFileReference; lastKnownFileType = text.plist.xml; path = Info.plist; sourceTree = "<group>"; };
		CB6171542052F6A6009C2ADB /* MemoUITests.xctest */ = {isa = PBXFileReference; explicitFileType = wrapper.cfbundle; includeInIndex = 0; path = MemoUITests.xctest; sourceTree = BUILT_PRODUCTS_DIR; };
		CB6171582052F6A6009C2ADB /* MemoUITests.swift */ = {isa = PBXFileReference; lastKnownFileType = sourcecode.swift; path = MemoUITests.swift; sourceTree = "<group>"; };
		CB61715A2052F6A6009C2ADB /* Info.plist */ = {isa = PBXFileReference; lastKnownFileType = text.plist.xml; path = Info.plist; sourceTree = "<group>"; };
/* End PBXFileReference section */

/* Begin PBXFrameworksBuildPhase section */
		CB6171322052F6A5009C2ADB /* Frameworks */ = {
			isa = PBXFrameworksBuildPhase;
			buildActionMask = 2147483647;
			files = (
			);
			runOnlyForDeploymentPostprocessing = 0;
		};
		CB6171462052F6A6009C2ADB /* Frameworks */ = {
			isa = PBXFrameworksBuildPhase;
			buildActionMask = 2147483647;
			files = (
			);
			runOnlyForDeploymentPostprocessing = 0;
		};
		CB6171512052F6A6009C2ADB /* Frameworks */ = {
			isa = PBXFrameworksBuildPhase;
			buildActionMask = 2147483647;
			files = (
			);
			runOnlyForDeploymentPostprocessing = 0;
		};
/* End PBXFrameworksBuildPhase section */

/* Begin PBXGroup section */
		CB61712C2052F6A5009C2ADB = {
			isa = PBXGroup;
			children = (
				CB6171372052F6A5009C2ADB /* Memo */,
				CB61714C2052F6A6009C2ADB /* MemoTests */,
				CB6171572052F6A6009C2ADB /* MemoUITests */,
				CB6171362052F6A5009C2ADB /* Products */,
			);
			sourceTree = "<group>";
		};
		CB6171362052F6A5009C2ADB /* Products */ = {
			isa = PBXGroup;
			children = (
				CB6171352052F6A5009C2ADB /* Memo.app */,
				CB6171492052F6A6009C2ADB /* MemoTests.xctest */,
				CB6171542052F6A6009C2ADB /* MemoUITests.xctest */,
			);
			name = Products;
			sourceTree = "<group>";
		};
		CB6171372052F6A5009C2ADB /* Memo */ = {
			isa = PBXGroup;
			children = (
				CB6171382052F6A5009C2ADB /* AppDelegate.swift */,
				CB61713A2052F6A5009C2ADB /* ViewController.swift */,
				CB61713C2052F6A5009C2ADB /* Main.storyboard */,
				CB61713F2052F6A5009C2ADB /* Assets.xcassets */,
				CB6171412052F6A5009C2ADB /* LaunchScreen.storyboard */,
				CB6171442052F6A5009C2ADB /* Info.plist */,
			);
			path = Memo;
			sourceTree = "<group>";
		};
		CB61714C2052F6A6009C2ADB /* MemoTests */ = {
			isa = PBXGroup;
			children = (
				CB61714D2052F6A6009C2ADB /* MemoTests.swift */,
				CB61714F2052F6A6009C2ADB /* Info.plist */,
			);
			path = MemoTests;
			sourceTree = "<group>";
		};
		CB6171572052F6A6009C2ADB /* MemoUITests */ = {
			isa = PBXGroup;
			children = (
				CB6171582052F6A6009C2ADB /* MemoUITests.swift */,
				CB61715A2052F6A6009C2ADB /* Info.plist */,
			);
			path = MemoUITests;
			sourceTree = "<group>";
		};
/* End PBXGroup section */

/* Begin PBXNativeTarget section */
		CB6171342052F6A5009C2ADB /* Memo */ = {
			isa = PBXNativeTarget;
			buildConfigurationList = CB61715D2052F6A6009C2ADB /* Build configuration list for PBXNativeTarget "Memo" */;
			buildPhases = (
				CB6171312052F6A5009C2ADB /* Sources */,
				CB6171322052F6A5009C2ADB /* Frameworks */,
				CB6171332052F6A5009C2ADB /* Resources */,
			);
			buildRules = (
			);
			dependencies = (
			);
			name = Memo;
			productName = Memo;
			productReference = CB6171352052F6A5009C2ADB /* Memo.app */;
			productType = "com.apple.product-type.application";
		};
		CB6171482052F6A6009C2ADB /* MemoTests */ = {
			isa = PBXNativeTarget;
			buildConfigurationList = CB6171602052F6A6009C2ADB /* Build configuration list for PBXNativeTarget "MemoTests" */;
			buildPhases = (
				CB6171452052F6A6009C2ADB /* Sources */,
				CB6171462052F6A6009C2ADB /* Frameworks */,
				CB6171472052F6A6009C2ADB /* Resources */,
			);
			buildRules = (
			);
			dependencies = (
				CB61714B2052F6A6009C2ADB /* PBXTargetDependency */,
			);
			name = MemoTests;
			productName = MemoTests;
			productReference = CB6171492052F6A6009C2ADB /* MemoTests.xctest */;
			productType = "com.apple.product-type.bundle.unit-test";
		};
		CB6171532052F6A6009C2ADB /* MemoUITests */ = {
			isa = PBXNativeTarget;
			buildConfigurationList = CB6171632052F6A6009C2ADB /* Build configuration list for PBXNativeTarget "MemoUITests" */;
			buildPhases = (
				CB6171502052F6A6009C2ADB /* Sources */,
				CB6171512052F6A6009C2ADB /* Frameworks */,
				CB6171522052F6A6009C2ADB /* Resources */,
			);
			buildRules = (
			);
			dependencies = (
				CB6171562052F6A6009C2ADB /* PBXTargetDependency */,
			);
			name = MemoUITests;
			productName = MemoUITests;
			productReference = CB6171542052F6A6009C2ADB /* MemoUITests.xctest */;
			productType = "com.apple.product-type.bundle.ui-testing";
		};
/* End PBXNativeTarget section */

/* Begin PBXProject section */
		CB61712D2052F6A5009C2ADB /* Project object */ = {
			isa = PBXProject;
			attributes = {
				LastSwiftUpdateCheck = 0920;
				LastUpgradeCheck = 0920;
				ORGANIZATIONNAME = SunSet;
				TargetAttributes = {
					CB6171342052F6A5009C2ADB = {
						CreatedOnToolsVersion = 9.2;
						ProvisioningStyle = Automatic;
					};
					CB6171482052F6A6009C2ADB = {
						CreatedOnToolsVersion = 9.2;
						ProvisioningStyle = Automatic;
						TestTargetID = CB6171342052F6A5009C2ADB;
					};
					CB6171532052F6A6009C2ADB = {
						CreatedOnToolsVersion = 9.2;
						ProvisioningStyle = Automatic;
						TestTargetID = CB6171342052F6A5009C2ADB;
					};
				};
			};
			buildConfigurationList = CB6171302052F6A5009C2ADB /* Build configuration list for PBXProject "Memo" */;
			compatibilityVersion = "Xcode 8.0";
			developmentRegion = en;
			hasScannedForEncodings = 0;
			knownRegions = (
				en,
				Base,
			);
			mainGroup = CB61712C2052F6A5009C2ADB;
			productRefGroup = CB6171362052F6A5009C2ADB /* Products */;
			projectDirPath = "";
			projectRoot = "";
			targets = (
				CB6171342052F6A5009C2ADB /* Memo */,
				CB6171482052F6A6009C2ADB /* MemoTests */,
				CB6171532052F6A6009C2ADB /* MemoUITests */,
			);
		};
/* End PBXProject section */

/* Begin PBXResourcesBuildPhase section */
		CB6171332052F6A5009C2ADB /* Resources */ = {
			isa = PBXResourcesBuildPhase;
			buildActionMask = 2147483647;
			files = (
				CB6171432052F6A5009C2ADB /* LaunchScreen.storyboard in Resources */,
				CB6171402052F6A5009C2ADB /* Assets.xcassets in Resources */,
				CB61713E2052F6A5009C2ADB /* Main.storyboard in Resources */,
			);
			runOnlyForDeploymentPostprocessing = 0;
		};
		CB6171472052F6A6009C2ADB /* Resources */ = {
			isa = PBXResourcesBuildPhase;
			buildActionMask = 2147483647;
			files = (
			);
			runOnlyForDeploymentPostprocessing = 0;
		};
		CB6171522052F6A6009C2ADB /* Resources */ = {
			isa = PBXResourcesBuildPhase;
			buildActionMask = 2147483647;
			files = (
			);
			runOnlyForDeploymentPostprocessing = 0;
		};
/* End PBXResourcesBuildPhase section */

/* Begin PBXSourcesBuildPhase section */
		CB6171312052F6A5009C2ADB /* Sources */ = {
			isa = PBXSourcesBuildPhase;
			buildActionMask = 2147483647;
			files = (
				CB61713B2052F6A5009C2ADB /* ViewController.swift in Sources */,
				CB6171392052F6A5009C2ADB /* AppDelegate.swift in Sources */,
			);
			runOnlyForDeploymentPostprocessing = 0;
		};
		CB6171452052F6A6009C2ADB /* Sources */ = {
			isa = PBXSourcesBuildPhase;
			buildActionMask = 2147483647;
			files = (
				CB61714E2052F6A6009C2ADB /* MemoTests.swift in Sources */,
			);
			runOnlyForDeploymentPostprocessing = 0;
		};
		CB6171502052F6A6009C2ADB /* Sources */ = {
			isa = PBXSourcesBuildPhase;
			buildActionMask = 2147483647;
			files = (
				CB6171592052F6A6009C2ADB /* MemoUITests.swift in Sources */,
			);
			runOnlyForDeploymentPostprocessing = 0;
		};
/* End PBXSourcesBuildPhase section */

/* Begin PBXTargetDependency section */
		CB61714B2052F6A6009C2ADB /* PBXTargetDependency */ = {
			isa = PBXTargetDependency;
			target = CB6171342052F6A5009C2ADB /* Memo */;
			targetProxy = CB61714A2052F6A6009C2ADB /* PBXContainerItemProxy */;
		};
		CB6171562052F6A6009C2ADB /* PBXTargetDependency */ = {
			isa = PBXTargetDependency;
			target = CB6171342052F6A5009C2ADB /* Memo */;
			targetProxy = CB6171552052F6A6009C2ADB /* PBXContainerItemProxy */;
		};
/* End PBXTargetDependency section */

/* Begin PBXVariantGroup section */
		CB61713C2052F6A5009C2ADB /* Main.storyboard */ = {
			isa = PBXVariantGroup;
			children = (
				CB61713D2052F6A5009C2ADB /* Base */,
			);
			name = Main.storyboard;
			sourceTree = "<group>";
		};
		CB6171412052F6A5009C2ADB /* LaunchScreen.storyboard */ = {
			isa = PBXVariantGroup;
			children = (
				CB6171422052F6A5009C2ADB /* Base */,
			);
			name = LaunchScreen.storyboard;
			sourceTree = "<group>";
		};
/* End PBXVariantGroup section */

/* Begin XCBuildConfiguration section */
		CB61715B2052F6A6009C2ADB /* Debug */ = {
			isa = XCBuildConfiguration;
			buildSettings = {
				ALWAYS_SEARCH_USER_PATHS = NO;
				CLANG_ANALYZER_NONNULL = YES;
				CLANG_ANALYZER_NUMBER_OBJECT_CONVERSION = YES_AGGRESSIVE;
				CLANG_CXX_LANGUAGE_STANDARD = "gnu++14";
				CLANG_CXX_LIBRARY = "libc++";
				CLANG_ENABLE_MODULES = YES;
				CLANG_ENABLE_OBJC_ARC = YES;
				CLANG_WARN_BLOCK_CAPTURE_AUTORELEASING = YES;
				CLANG_WARN_BOOL_CONVERSION = YES;
				CLANG_WARN_COMMA = YES;
				CLANG_WARN_CONSTANT_CONVERSION = YES;
				CLANG_WARN_DIRECT_OBJC_ISA_USAGE = YES_ERROR;
				CLANG_WARN_DOCUMENTATION_COMMENTS = YES;
				CLANG_WARN_EMPTY_BODY = YES;
				CLANG_WARN_ENUM_CONVERSION = YES;
				CLANG_WARN_INFINITE_RECURSION = YES;
				CLANG_WARN_INT_CONVERSION = YES;
				CLANG_WARN_NON_LITERAL_NULL_CONVERSION = YES;
				CLANG_WARN_OBJC_LITERAL_CONVERSION = YES;
				CLANG_WARN_OBJC_ROOT_CLASS = YES_ERROR;
				CLANG_WARN_RANGE_LOOP_ANALYSIS = YES;
				CLANG_WARN_STRICT_PROTOTYPES = YES;
				CLANG_WARN_SUSPICIOUS_MOVE = YES;
				CLANG_WARN_UNGUARDED_AVAILABILITY = YES_AGGRESSIVE;
				CLANG_WARN_UNREACHABLE_CODE = YES;
				CLANG_WARN__DUPLICATE_METHOD_MATCH = YES;
				CODE_SIGN_IDENTITY = "iPhone Developer";
				COPY_PHASE_STRIP = NO;
				DEBUG_INFORMATION_FORMAT = dwarf;
				ENABLE_STRICT_OBJC_MSGSEND = YES;
				ENABLE_TESTABILITY = YES;
				GCC_C_LANGUAGE_STANDARD = gnu11;
				GCC_DYNAMIC_NO_PIC = NO;
				GCC_NO_COMMON_BLOCKS = YES;
				GCC_OPTIMIZATION_LEVEL = 0;
				GCC_PREPROCESSOR_DEFINITIONS = (
					"DEBUG=1",
					"$(inherited)",
				);
				GCC_WARN_64_TO_32_BIT_CONVERSION = YES;
				GCC_WARN_ABOUT_RETURN_TYPE = YES_ERROR;
				GCC_WARN_UNDECLARED_SELECTOR = YES;
				GCC_WARN_UNINITIALIZED_AUTOS = YES_AGGRESSIVE;
				GCC_WARN_UNUSED_FUNCTION = YES;
				GCC_WARN_UNUSED_VARIABLE = YES;
				IPHONEOS_DEPLOYMENT_TARGET = 11.2;
				MTL_ENABLE_DEBUG_INFO = YES;
				ONLY_ACTIVE_ARCH = YES;
				SDKROOT = iphoneos;
				SWIFT_ACTIVE_COMPILATION_CONDITIONS = DEBUG;
				SWIFT_OPTIMIZATION_LEVEL = "-Onone";
			};
			name = Debug;
		};
		CB61715C2052F6A6009C2ADB /* Release */ = {
			isa = XCBuildConfiguration;
			buildSettings = {
				ALWAYS_SEARCH_USER_PATHS = NO;
				CLANG_ANALYZER_NONNULL = YES;
				CLANG_ANALYZER_NUMBER_OBJECT_CONVERSION = YES_AGGRESSIVE;
				CLANG_CXX_LANGUAGE_STANDARD = "gnu++14";
				CLANG_CXX_LIBRARY = "libc++";
				CLANG_ENABLE_MODULES = YES;
				CLANG_ENABLE_OBJC_ARC = YES;
				CLANG_WARN_BLOCK_CAPTURE_AUTORELEASING = YES;
				CLANG_WARN_BOOL_CONVERSION = YES;
				CLANG_WARN_COMMA = YES;
				CLANG_WARN_CONSTANT_CONVERSION = YES;
				CLANG_WARN_DIRECT_OBJC_ISA_USAGE = YES_ERROR;
				CLANG_WARN_DOCUMENTATION_COMMENTS = YES;
				CLANG_WARN_EMPTY_BODY = YES;
				CLANG_WARN_ENUM_CONVERSION = YES;
				CLANG_WARN_INFINITE_RECURSION = YES;
				CLANG_WARN_INT_CONVERSION = YES;
				CLANG_WARN_NON_LITERAL_NULL_CONVERSION = YES;
				CLANG_WARN_OBJC_LITERAL_CONVERSION = YES;
				CLANG_WARN_OBJC_ROOT_CLASS = YES_ERROR;
				CLANG_WARN_RANGE_LOOP_ANALYSIS = YES;
				CLANG_WARN_STRICT_PROTOTYPES = YES;
				CLANG_WARN_SUSPICIOUS_MOVE = YES;
				CLANG_WARN_UNGUARDED_AVAILABILITY = YES_AGGRESSIVE;
				CLANG_WARN_UNREACHABLE_CODE = YES;
				CLANG_WARN__DUPLICATE_METHOD_MATCH = YES;
				CODE_SIGN_IDENTITY = "iPhone Developer";
				COPY_PHASE_STRIP = NO;
				DEBUG_INFORMATION_FORMAT = "dwarf-with-dsym";
				ENABLE_NS_ASSERTIONS = NO;
				ENABLE_STRICT_OBJC_MSGSEND = YES;
				GCC_C_LANGUAGE_STANDARD = gnu11;
				GCC_NO_COMMON_BLOCKS = YES;
				GCC_WARN_64_TO_32_BIT_CONVERSION = YES;
				GCC_WARN_ABOUT_RETURN_TYPE = YES_ERROR;
				GCC_WARN_UNDECLARED_SELECTOR = YES;
				GCC_WARN_UNINITIALIZED_AUTOS = YES_AGGRESSIVE;
				GCC_WARN_UNUSED_FUNCTION = YES;
				GCC_WARN_UNUSED_VARIABLE = YES;
				IPHONEOS_DEPLOYMENT_TARGET = 11.2;
				MTL_ENABLE_DEBUG_INFO = NO;
				SDKROOT = iphoneos;
				SWIFT_OPTIMIZATION_LEVEL = "-Owholemodule";
				VALIDATE_PRODUCT = YES;
			};
			name = Release;
		};
		CB61715E2052F6A6009C2ADB /* Debug */ = {
			isa = XCBuildConfiguration;
			buildSettings = {
				ASSETCATALOG_COMPILER_APPICON_NAME = AppIcon;
				CODE_SIGN_STYLE = Automatic;
				DEVELOPMENT_TEAM = YNUN75A7JF;
				INFOPLIST_FILE = Memo/Info.plist;
				LD_RUNPATH_SEARCH_PATHS = "$(inherited) @executable_path/Frameworks";
				PRODUCT_BUNDLE_IDENTIFIER = kr.soylatte.Memo;
				PRODUCT_NAME = "$(TARGET_NAME)";
				SWIFT_VERSION = 4.0;
				TARGETED_DEVICE_FAMILY = "1,2";
			};
			name = Debug;
		};
		CB61715F2052F6A6009C2ADB /* Release */ = {
			isa = XCBuildConfiguration;
			buildSettings = {
				ASSETCATALOG_COMPILER_APPICON_NAME = AppIcon;
				CODE_SIGN_STYLE = Automatic;
				DEVELOPMENT_TEAM = YNUN75A7JF;
				INFOPLIST_FILE = Memo/Info.plist;
				LD_RUNPATH_SEARCH_PATHS = "$(inherited) @executable_path/Frameworks";
				PRODUCT_BUNDLE_IDENTIFIER = kr.soylatte.Memo;
				PRODUCT_NAME = "$(TARGET_NAME)";
				SWIFT_VERSION = 4.0;
				TARGETED_DEVICE_FAMILY = "1,2";
			};
			name = Release;
		};
		CB6171612052F6A6009C2ADB /* Debug */ = {
			isa = XCBuildConfiguration;
			buildSettings = {
				ALWAYS_EMBED_SWIFT_STANDARD_LIBRARIES = YES;
				BUNDLE_LOADER = "$(TEST_HOST)";
				CODE_SIGN_STYLE = Automatic;
				DEVELOPMENT_TEAM = YNUN75A7JF;
				INFOPLIST_FILE = MemoTests/Info.plist;
				LD_RUNPATH_SEARCH_PATHS = "$(inherited) @executable_path/Frameworks @loader_path/Frameworks";
				PRODUCT_BUNDLE_IDENTIFIER = kr.soylatte.MemoTests;
				PRODUCT_NAME = "$(TARGET_NAME)";
				SWIFT_VERSION = 4.0;
				TARGETED_DEVICE_FAMILY = "1,2";
				TEST_HOST = "$(BUILT_PRODUCTS_DIR)/Memo.app/Memo";
			};
			name = Debug;
		};
		CB6171622052F6A6009C2ADB /* Release */ = {
			isa = XCBuildConfiguration;
			buildSettings = {
				ALWAYS_EMBED_SWIFT_STANDARD_LIBRARIES = YES;
				BUNDLE_LOADER = "$(TEST_HOST)";
				CODE_SIGN_STYLE = Automatic;
				DEVELOPMENT_TEAM = YNUN75A7JF;
				INFOPLIST_FILE = MemoTests/Info.plist;
				LD_RUNPATH_SEARCH_PATHS = "$(inherited) @executable_path/Frameworks @loader_path/Frameworks";
				PRODUCT_BUNDLE_IDENTIFIER = kr.soylatte.MemoTests;
				PRODUCT_NAME = "$(TARGET_NAME)";
				SWIFT_VERSION = 4.0;
				TARGETED_DEVICE_FAMILY = "1,2";
				TEST_HOST = "$(BUILT_PRODUCTS_DIR)/Memo.app/Memo";
			};
			name = Release;
		};
		CB6171642052F6A6009C2ADB /* Debug */ = {
			isa = XCBuildConfiguration;
			buildSettings = {
				ALWAYS_EMBED_SWIFT_STANDARD_LIBRARIES = YES;
				CODE_SIGN_STYLE = Automatic;
				DEVELOPMENT_TEAM = YNUN75A7JF;
				INFOPLIST_FILE = MemoUITests/Info.plist;
				LD_RUNPATH_SEARCH_PATHS = "$(inherited) @executable_path/Frameworks @loader_path/Frameworks";
				PRODUCT_BUNDLE_IDENTIFIER = kr.soylatte.MemoUITests;
				PRODUCT_NAME = "$(TARGET_NAME)";
				SWIFT_VERSION = 4.0;
				TARGETED_DEVICE_FAMILY = "1,2";
				TEST_TARGET_NAME = Memo;
			};
			name = Debug;
		};
		CB6171652052F6A6009C2ADB /* Release */ = {
			isa = XCBuildConfiguration;
			buildSettings = {
				ALWAYS_EMBED_SWIFT_STANDARD_LIBRARIES = YES;
				CODE_SIGN_STYLE = Automatic;
				DEVELOPMENT_TEAM = YNUN75A7JF;
				INFOPLIST_FILE = MemoUITests/Info.plist;
				LD_RUNPATH_SEARCH_PATHS = "$(inherited) @executable_path/Frameworks @loader_path/Frameworks";
				PRODUCT_BUNDLE_IDENTIFIER = kr.soylatte.MemoUITests;
				PRODUCT_NAME = "$(TARGET_NAME)";
				SWIFT_VERSION = 4.0;
				TARGETED_DEVICE_FAMILY = "1,2";
				TEST_TARGET_NAME = Memo;
			};
			name = Release;
		};
/* End XCBuildConfiguration section */

/* Begin XCConfigurationList section */
		CB6171302052F6A5009C2ADB /* Build configuration list for PBXProject "Memo" */ = {
			isa = XCConfigurationList;
			buildConfigurations = (
				CB61715B2052F6A6009C2ADB /* Debug */,
				CB61715C2052F6A6009C2ADB /* Release */,
			);
			defaultConfigurationIsVisible = 0;
			defaultConfigurationName = Release;
		};
		CB61715D2052F6A6009C2ADB /* Build configuration list for PBXNativeTarget "Memo" */ = {
			isa = XCConfigurationList;
			buildConfigurations = (
				CB61715E2052F6A6009C2ADB /* Debug */,
				CB61715F2052F6A6009C2ADB /* Release */,
			);
			defaultConfigurationIsVisible = 0;
			defaultConfigurationName = Release;
		};
		CB6171602052F6A6009C2ADB /* Build configuration list for PBXNativeTarget "MemoTests" */ = {
			isa = XCConfigurationList;
			buildConfigurations = (
				CB6171612052F6A6009C2ADB /* Debug */,
				CB6171622052F6A6009C2ADB /* Release */,
			);
			defaultConfigurationIsVisible = 0;
			defaultConfigurationName = Release;
		};
		CB6171632052F6A6009C2ADB /* Build configuration list for PBXNativeTarget "MemoUITests" */ = {
			isa = XCConfigurationList;
			buildConfigurations = (
				CB6171642052F6A6009C2ADB /* Debug */,
				CB6171652052F6A6009C2ADB /* Release */,
			);
			defaultConfigurationIsVisible = 0;
			defaultConfigurationName = Release;
		};
/* End XCConfigurationList section */
	};
	rootObject = CB61712D2052F6A5009C2ADB /* Project object */;
}
